{
    "api-platform/core": {
        "version": "4.1",
        "recipe": {
            "repo": "github.com/symfony/recipes",
            "branch": "main",
            "version": "4.0",
            "ref": "cb9e6b8ceb9b62f32d41fc8ad72a25d5bd674c6d"
        },
        "files": [
            "config/packages/api_platform.yaml",
            "config/routes/api_platform.yaml",
            "src/ApiResource/.gitignore"
        ]
    },
    "doctrine/doctrine-bundle": {
        "version": "2.14",
        "recipe": {
            "repo": "github.com/symfony/recipes",
            "branch": "main",
            "version": "2.13",
            "ref": "8d96c0b51591ffc26794d865ba3ee7d193438a83"
        },
        "files": [
            "config/packages/doctrine.yaml",
            "src/Entity/.gitignore",
            "src/Repository/.gitignore"
        ]
    },
    "doctrine/doctrine-migrations-bundle": {
        "version": "3.4",
        "recipe": {
            "repo": "github.com/symfony/recipes",
            "branch": "main",
            "version": "3.1",
            "ref": "1d01ec03c6ecbd67c3375c5478c9a423ae5d6a33"
        },
        "files": [
            "config/packages/doctrine_migrations.yaml",
            "migrations/.gitignore"
        ]
    },
    "symfony/console": {
        "version": "7.2",
        "recipe": {
            "version": "5.3"
        }
    },
    "symfony/flex": {
        "version": "2.5",
        "recipe": {
            "version": "2.4"
        }
    },
    "symfony/framework-bundle": {
        "version": "v7.2.5"
    },
    "symfony/maker-bundle": {
        "version": "1.62",
        "recipe": {
            "repo": "github.com/symfony/recipes",
            "branch": "main",
            "version": "1.0",
            "ref": "fadbfe33303a76e25cb63401050439aa9b1a9c7f"
        }
    },
    "symfony/routing": {
        "version": "7.2",
        "recipe": {
            "version": "7.0"
        }
    }
}
